{
  "nodes": {
    "nixpkgs": {
      "locked": {
        "lastModified": 1631368560,
        "narHash": "sha256-JUx+2uf1C2dZ1n56hcy5gjPGh4UP0nQwIr+WbjaWaP4=",
        "owner": "nixos",
        "repo": "nixpkgs",
        "rev": "91333fe5c9212e1a0c587c8ce70b0571bf0b18bd",
        "type": "github"
      },
      "original": {
        "owner": "nixos",
        "repo": "nixpkgs",
        "type": "github"
      }
    },
    "root": {
      "inputs": {
        "nixpkgs": "nixpkgs",
        "utils": "utils"
      }
    },
    "utils": {
      "locked": {
        "lastModified": 1629481132,
        "narHash": "sha256-JHgasjPR0/J1J3DRm4KxM4zTyAj4IOJY8vIl75v/kPI=",
        "owner": "numtide",
        "repo": "flake-utils",
        "rev": "997f7efcb746a9c140ce1f13c72263189225f482",
        "type": "github"
      },
      "original": {
        "owner": "numtide",
        "repo": "flake-utils",
        "type": "github"
      }
    }
  },
  "root": "root",
  "version": 7
}
