{
  description = "Your Project";

  inputs = {
    nixpkgs.url = "github:nixos/nixpkgs";
    utils.url = "github:numtide/flake-utils";
  };

  outputs = { self, nixpkgs, utils }: {
    # Define your packages, overlays, and modules here.
  };
}
nix flake update
nix build .   # Builds your flake
nix run .     # Runs your flake (if an entry point is defined)
nix shell .   # Enters a shell environment with your flake dependencies
nix log path/to/failed-build
nix build --verbose
